// !$*UTF8*$!
{
	archiveVersion = 1;
	classes = {
	};
	objectVersion = 56;
	objects = {

/* Begin PBXBuildFile section */
		543B87C32C3E80150092AC5A /* AppDelegate.swift in Sources */ = {isa = PBXBuildFile; fileRef = 543B87C22C3E80150092AC5A /* AppDelegate.swift */; };
		543B87C52C3E80150092AC5A /* SceneDelegate.swift in Sources */ = {isa = PBXBuildFile; fileRef = 543B87C42C3E80150092AC5A /* SceneDelegate.swift */; };
		543B87C72C3E80150092AC5A /* BaseViewController.swift in Sources */ = {isa = PBXBuildFile; fileRef = 543B87C62C3E80150092AC5A /* BaseViewController.swift */; };
		543B87CC2C3E80160092AC5A /* Assets.xcassets in Resources */ = {isa = PBXBuildFile; fileRef = 543B87CB2C3E80160092AC5A /* Assets.xcassets */; };
		543B87CF2C3E80160092AC5A /* Base in Resources */ = {isa = PBXBuildFile; fileRef = 543B87CE2C3E80160092AC5A /* Base */; };
		543B87D72C3E80490092AC5A /* .gitignore in Resources */ = {isa = PBXBuildFile; fileRef = 543B87D62C3E80490092AC5A /* .gitignore */; };
		543B87D92C3E80620092AC5A /* APIKey.swift in Sources */ = {isa = PBXBuildFile; fileRef = 543B87D82C3E80620092AC5A /* APIKey.swift */; };
		543B87DC2C3E80A50092AC5A /* TestViewController.swift in Sources */ = {isa = PBXBuildFile; fileRef = 543B87DB2C3E80A50092AC5A /* TestViewController.swift */; };
		543B87DF2C3E81A40092AC5A /* CityList.json in Resources */ = {isa = PBXBuildFile; fileRef = 543B87DE2C3E81A40092AC5A /* CityList.json */; };
		543B87E12C3E82D50092AC5A /* Weather.swift in Sources */ = {isa = PBXBuildFile; fileRef = 543B87E02C3E82D50092AC5A /* Weather.swift */; };
		543B87E82C3ED1920092AC5A /* SnapKit in Frameworks */ = {isa = PBXBuildFile; productRef = 543B87E72C3ED1920092AC5A /* SnapKit */; };
		543B87EB2C3ED19B0092AC5A /* Alamofire in Frameworks */ = {isa = PBXBuildFile; productRef = 543B87EA2C3ED19B0092AC5A /* Alamofire */; };
		543B87ED2C3ED6B30092AC5A /* HomeViewController.swift in Sources */ = {isa = PBXBuildFile; fileRef = 543B87EC2C3ED6B30092AC5A /* HomeViewController.swift */; };
		543B87FB2C3FD9450092AC5A /* WeatherManager.swift in Sources */ = {isa = PBXBuildFile; fileRef = 543B87FA2C3FD9450092AC5A /* WeatherManager.swift */; };
		543B87FD2C3FD9F00092AC5A /* HomeViewModel.swift in Sources */ = {isa = PBXBuildFile; fileRef = 543B87FC2C3FD9F00092AC5A /* HomeViewModel.swift */; };
		543B87FF2C3FDA5B0092AC5A /* Observable.swift in Sources */ = {isa = PBXBuildFile; fileRef = 543B87FE2C3FDA5B0092AC5A /* Observable.swift */; };
		543B88022C40F98A0092AC5A /* Double+Extension.swift in Sources */ = {isa = PBXBuildFile; fileRef = 543B88012C40F98A0092AC5A /* Double+Extension.swift */; };
/* End PBXBuildFile section */

/* Begin PBXFileReference section */
		543B87BF2C3E80150092AC5A /* WeatherAt.app */ = {isa = PBXFileReference; explicitFileType = wrapper.application; includeInIndex = 0; path = WeatherAt.app; sourceTree = BUILT_PRODUCTS_DIR; };
		543B87C22C3E80150092AC5A /* AppDelegate.swift */ = {isa = PBXFileReference; lastKnownFileType = sourcecode.swift; path = AppDelegate.swift; sourceTree = "<group>"; };
		543B87C42C3E80150092AC5A /* SceneDelegate.swift */ = {isa = PBXFileReference; lastKnownFileType = sourcecode.swift; path = SceneDelegate.swift; sourceTree = "<group>"; };
		543B87C62C3E80150092AC5A /* BaseViewController.swift */ = {isa = PBXFileReference; lastKnownFileType = sourcecode.swift; path = BaseViewController.swift; sourceTree = "<group>"; };
		543B87CB2C3E80160092AC5A /* Assets.xcassets */ = {isa = PBXFileReference; lastKnownFileType = folder.assetcatalog; path = Assets.xcassets; sourceTree = "<group>"; };
		543B87CE2C3E80160092AC5A /* Base */ = {isa = PBXFileReference; lastKnownFileType = file.storyboard; name = Base; path = Base.lproj/LaunchScreen.storyboard; sourceTree = "<group>"; };
		543B87D02C3E80160092AC5A /* Info.plist */ = {isa = PBXFileReference; lastKnownFileType = text.plist.xml; path = Info.plist; sourceTree = "<group>"; };
		543B87D62C3E80490092AC5A /* .gitignore */ = {isa = PBXFileReference; lastKnownFileType = text; path = .gitignore; sourceTree = "<group>"; };
		543B87D82C3E80620092AC5A /* APIKey.swift */ = {isa = PBXFileReference; lastKnownFileType = sourcecode.swift; path = APIKey.swift; sourceTree = "<group>"; };
		543B87DB2C3E80A50092AC5A /* TestViewController.swift */ = {isa = PBXFileReference; lastKnownFileType = sourcecode.swift; path = TestViewController.swift; sourceTree = "<group>"; };
		543B87DE2C3E81A40092AC5A /* CityList.json */ = {isa = PBXFileReference; fileEncoding = 4; lastKnownFileType = text.json; path = CityList.json; sourceTree = "<group>"; };
		543B87E02C3E82D50092AC5A /* Weather.swift */ = {isa = PBXFileReference; lastKnownFileType = sourcecode.swift; path = Weather.swift; sourceTree = "<group>"; };
		543B87EC2C3ED6B30092AC5A /* HomeViewController.swift */ = {isa = PBXFileReference; lastKnownFileType = sourcecode.swift; path = HomeViewController.swift; sourceTree = "<group>"; };
		543B87FA2C3FD9450092AC5A /* WeatherManager.swift */ = {isa = PBXFileReference; lastKnownFileType = sourcecode.swift; path = WeatherManager.swift; sourceTree = "<group>"; };
		543B87FC2C3FD9F00092AC5A /* HomeViewModel.swift */ = {isa = PBXFileReference; lastKnownFileType = sourcecode.swift; path = HomeViewModel.swift; sourceTree = "<group>"; };
		543B87FE2C3FDA5B0092AC5A /* Observable.swift */ = {isa = PBXFileReference; lastKnownFileType = sourcecode.swift; path = Observable.swift; sourceTree = "<group>"; };
		543B88012C40F98A0092AC5A /* Double+Extension.swift */ = {isa = PBXFileReference; lastKnownFileType = sourcecode.swift; path = "Double+Extension.swift"; sourceTree = "<group>"; };
/* End PBXFileReference section */

/* Begin PBXFrameworksBuildPhase section */
		543B87BC2C3E80150092AC5A /* Frameworks */ = {
			isa = PBXFrameworksBuildPhase;
			buildActionMask = 2147483647;
			files = (
				543B87E82C3ED1920092AC5A /* SnapKit in Frameworks */,
				543B87EB2C3ED19B0092AC5A /* Alamofire in Frameworks */,
			);
			runOnlyForDeploymentPostprocessing = 0;
		};
/* End PBXFrameworksBuildPhase section */

/* Begin PBXGroup section */
		543B87B62C3E80150092AC5A = {
			isa = PBXGroup;
			children = (
				543B87D62C3E80490092AC5A /* .gitignore */,
				543B87C12C3E80150092AC5A /* WeatherAt */,
				543B87C02C3E80150092AC5A /* Products */,
			);
			sourceTree = "<group>";
		};
		543B87C02C3E80150092AC5A /* Products */ = {
			isa = PBXGroup;
			children = (
				543B87BF2C3E80150092AC5A /* WeatherAt.app */,
			);
			name = Products;
			sourceTree = "<group>";
		};
		543B87C12C3E80150092AC5A /* WeatherAt */ = {
			isa = PBXGroup;
			children = (
				543B88002C40F79C0092AC5A /* Extension */,
				543B87FE2C3FDA5B0092AC5A /* Observable.swift */,
				543B87E22C3E82FE0092AC5A /* Weather */,
				543B87DD2C3E81860092AC5A /* Resource */,
				543B87E52C3ED0C00092AC5A /* CustomView */,
				543B87CD2C3E80160092AC5A /* LaunchScreen.storyboard */,
				543B87EE2C3ED6C70092AC5A /* HomeView */,
				543B87D02C3E80160092AC5A /* Info.plist */,
				543B87D82C3E80620092AC5A /* APIKey.swift */,
				543B87DA2C3E809B0092AC5A /* Test */,
			);
			path = WeatherAt;
			sourceTree = "<group>";
		};
		543B87DA2C3E809B0092AC5A /* Test */ = {
			isa = PBXGroup;
			children = (
				543B87DB2C3E80A50092AC5A /* TestViewController.swift */,
			);
			name = Test;
			sourceTree = "<group>";
		};
		543B87DD2C3E81860092AC5A /* Resource */ = {
			isa = PBXGroup;
			children = (
				543B87C22C3E80150092AC5A /* AppDelegate.swift */,
				543B87C42C3E80150092AC5A /* SceneDelegate.swift */,
				543B87CB2C3E80160092AC5A /* Assets.xcassets */,
				543B87DE2C3E81A40092AC5A /* CityList.json */,
			);
			name = Resource;
			sourceTree = "<group>";
		};
		543B87E22C3E82FE0092AC5A /* Weather */ = {
			isa = PBXGroup;
			children = (
				543B87E02C3E82D50092AC5A /* Weather.swift */,
				543B87FA2C3FD9450092AC5A /* WeatherManager.swift */,
			);
			name = Weather;
			sourceTree = "<group>";
		};
		543B87E52C3ED0C00092AC5A /* CustomView */ = {
			isa = PBXGroup;
			children = (
				543B87C62C3E80150092AC5A /* BaseViewController.swift */,
			);
			name = CustomView;
			sourceTree = "<group>";
		};
		543B87EE2C3ED6C70092AC5A /* HomeView */ = {
			isa = PBXGroup;
			children = (
				543B87EC2C3ED6B30092AC5A /* HomeViewController.swift */,
				543B87FC2C3FD9F00092AC5A /* HomeViewModel.swift */,
			);
			name = HomeView;
			sourceTree = "<group>";
		};
		543B88002C40F79C0092AC5A /* Extension */ = {
			isa = PBXGroup;
			children = (
				543B88012C40F98A0092AC5A /* Double+Extension.swift */,
			);
			name = Extension;
			sourceTree = "<group>";
		};
/* End PBXGroup section */

/* Begin PBXNativeTarget section */
		543B87BE2C3E80150092AC5A /* WeatherAt */ = {
			isa = PBXNativeTarget;
			buildConfigurationList = 543B87D32C3E80160092AC5A /* Build configuration list for PBXNativeTarget "WeatherAt" */;
			buildPhases = (
				543B87BB2C3E80150092AC5A /* Sources */,
				543B87BC2C3E80150092AC5A /* Frameworks */,
				543B87BD2C3E80150092AC5A /* Resources */,
			);
			buildRules = (
			);
			dependencies = (
			);
			name = WeatherAt;
			packageProductDependencies = (
				543B87E72C3ED1920092AC5A /* SnapKit */,
				543B87EA2C3ED19B0092AC5A /* Alamofire */,
			);
			productName = WeatherAt;
			productReference = 543B87BF2C3E80150092AC5A /* WeatherAt.app */;
			productType = "com.apple.product-type.application";
		};
/* End PBXNativeTarget section */

/* Begin PBXProject section */
		543B87B72C3E80150092AC5A /* Project object */ = {
			isa = PBXProject;
			attributes = {
				BuildIndependentTargetsInParallel = 1;
				LastSwiftUpdateCheck = 1530;
				LastUpgradeCheck = 1530;
				TargetAttributes = {
					543B87BE2C3E80150092AC5A = {
						CreatedOnToolsVersion = 15.3;
					};
				};
			};
			buildConfigurationList = 543B87BA2C3E80150092AC5A /* Build configuration list for PBXProject "WeatherAt" */;
			compatibilityVersion = "Xcode 14.0";
			developmentRegion = en;
			hasScannedForEncodings = 0;
			knownRegions = (
				en,
				Base,
			);
			mainGroup = 543B87B62C3E80150092AC5A;
			packageReferences = (
				543B87E62C3ED1920092AC5A /* XCRemoteSwiftPackageReference "SnapKit" */,
				543B87E92C3ED19B0092AC5A /* XCRemoteSwiftPackageReference "Alamofire" */,
			);
			productRefGroup = 543B87C02C3E80150092AC5A /* Products */;
			projectDirPath = "";
			projectRoot = "";
			targets = (
				543B87BE2C3E80150092AC5A /* WeatherAt */,
			);
		};
/* End PBXProject section */

/* Begin PBXResourcesBuildPhase section */
		543B87BD2C3E80150092AC5A /* Resources */ = {
			isa = PBXResourcesBuildPhase;
			buildActionMask = 2147483647;
			files = (
				543B87D72C3E80490092AC5A /* .gitignore in Resources */,
				543B87CC2C3E80160092AC5A /* Assets.xcassets in Resources */,
				543B87DF2C3E81A40092AC5A /* CityList.json in Resources */,
				543B87CF2C3E80160092AC5A /* Base in Resources */,
			);
			runOnlyForDeploymentPostprocessing = 0;
		};
/* End PBXResourcesBuildPhase section */

/* Begin PBXSourcesBuildPhase section */
		543B87BB2C3E80150092AC5A /* Sources */ = {
			isa = PBXSourcesBuildPhase;
			buildActionMask = 2147483647;
			files = (
				543B87DC2C3E80A50092AC5A /* TestViewController.swift in Sources */,
				543B87FD2C3FD9F00092AC5A /* HomeViewModel.swift in Sources */,
				543B87C72C3E80150092AC5A /* BaseViewController.swift in Sources */,
				543B87FB2C3FD9450092AC5A /* WeatherManager.swift in Sources */,
				543B87C32C3E80150092AC5A /* AppDelegate.swift in Sources */,
				543B88022C40F98A0092AC5A /* Double+Extension.swift in Sources */,
				543B87D92C3E80620092AC5A /* APIKey.swift in Sources */,
				543B87FF2C3FDA5B0092AC5A /* Observable.swift in Sources */,
				543B87E12C3E82D50092AC5A /* Weather.swift in Sources */,
				543B87ED2C3ED6B30092AC5A /* HomeViewController.swift in Sources */,
				543B87C52C3E80150092AC5A /* SceneDelegate.swift in Sources */,
			);
			runOnlyForDeploymentPostprocessing = 0;
		};
/* End PBXSourcesBuildPhase section */

/* Begin PBXVariantGroup section */
		543B87CD2C3E80160092AC5A /* LaunchScreen.storyboard */ = {
			isa = PBXVariantGroup;
			children = (
				543B87CE2C3E80160092AC5A /* Base */,
			);
			name = LaunchScreen.storyboard;
			sourceTree = "<group>";
		};
/* End PBXVariantGroup section */

/* Begin XCBuildConfiguration section */
		543B87D12C3E80160092AC5A /* Debug */ = {
			isa = XCBuildConfiguration;
			buildSettings = {
				ALWAYS_SEARCH_USER_PATHS = NO;
				ASSETCATALOG_COMPILER_GENERATE_SWIFT_ASSET_SYMBOL_EXTENSIONS = YES;
				CLANG_ANALYZER_NONNULL = YES;
				CLANG_ANALYZER_NUMBER_OBJECT_CONVERSION = YES_AGGRESSIVE;
				CLANG_CXX_LANGUAGE_STANDARD = "gnu++20";
				CLANG_ENABLE_MODULES = YES;
				CLANG_ENABLE_OBJC_ARC = YES;
				CLANG_ENABLE_OBJC_WEAK = YES;
				CLANG_WARN_BLOCK_CAPTURE_AUTORELEASING = YES;
				CLANG_WARN_BOOL_CONVERSION = YES;
				CLANG_WARN_COMMA = YES;
				CLANG_WARN_CONSTANT_CONVERSION = YES;
				CLANG_WARN_DEPRECATED_OBJC_IMPLEMENTATIONS = YES;
				CLANG_WARN_DIRECT_OBJC_ISA_USAGE = YES_ERROR;
				CLANG_WARN_DOCUMENTATION_COMMENTS = YES;
				CLANG_WARN_EMPTY_BODY = YES;
				CLANG_WARN_ENUM_CONVERSION = YES;
				CLANG_WARN_INFINITE_RECURSION = YES;
				CLANG_WARN_INT_CONVERSION = YES;
				CLANG_WARN_NON_LITERAL_NULL_CONVERSION = YES;
				CLANG_WARN_OBJC_IMPLICIT_RETAIN_SELF = YES;
				CLANG_WARN_OBJC_LITERAL_CONVERSION = YES;
				CLANG_WARN_OBJC_ROOT_CLASS = YES_ERROR;
				CLANG_WARN_QUOTED_INCLUDE_IN_FRAMEWORK_HEADER = YES;
				CLANG_WARN_RANGE_LOOP_ANALYSIS = YES;
				CLANG_WARN_STRICT_PROTOTYPES = YES;
				CLANG_WARN_SUSPICIOUS_MOVE = YES;
				CLANG_WARN_UNGUARDED_AVAILABILITY = YES_AGGRESSIVE;
				CLANG_WARN_UNREACHABLE_CODE = YES;
				CLANG_WARN__DUPLICATE_METHOD_MATCH = YES;
				COPY_PHASE_STRIP = NO;
				DEBUG_INFORMATION_FORMAT = dwarf;
				ENABLE_STRICT_OBJC_MSGSEND = YES;
				ENABLE_TESTABILITY = YES;
				ENABLE_USER_SCRIPT_SANDBOXING = YES;
				GCC_C_LANGUAGE_STANDARD = gnu17;
				GCC_DYNAMIC_NO_PIC = NO;
				GCC_NO_COMMON_BLOCKS = YES;
				GCC_OPTIMIZATION_LEVEL = 0;
				GCC_PREPROCESSOR_DEFINITIONS = (
					"DEBUG=1",
					"$(inherited)",
				);
				GCC_WARN_64_TO_32_BIT_CONVERSION = YES;
				GCC_WARN_ABOUT_RETURN_TYPE = YES_ERROR;
				GCC_WARN_UNDECLARED_SELECTOR = YES;
				GCC_WARN_UNINITIALIZED_AUTOS = YES_AGGRESSIVE;
				GCC_WARN_UNUSED_FUNCTION = YES;
				GCC_WARN_UNUSED_VARIABLE = YES;
				IPHONEOS_DEPLOYMENT_TARGET = 16.0;
				LOCALIZATION_PREFERS_STRING_CATALOGS = YES;
				MTL_ENABLE_DEBUG_INFO = INCLUDE_SOURCE;
				MTL_FAST_MATH = YES;
				ONLY_ACTIVE_ARCH = YES;
				SDKROOT = iphoneos;
				SWIFT_ACTIVE_COMPILATION_CONDITIONS = "DEBUG $(inherited)";
				SWIFT_OPTIMIZATION_LEVEL = "-Onone";
			};
			name = Debug;
		};
		543B87D22C3E80160092AC5A /* Release */ = {
			isa = XCBuildConfiguration;
			buildSettings = {
				ALWAYS_SEARCH_USER_PATHS = NO;
				ASSETCATALOG_COMPILER_GENERATE_SWIFT_ASSET_SYMBOL_EXTENSIONS = YES;
				CLANG_ANALYZER_NONNULL = YES;
				CLANG_ANALYZER_NUMBER_OBJECT_CONVERSION = YES_AGGRESSIVE;
				CLANG_CXX_LANGUAGE_STANDARD = "gnu++20";
				CLANG_ENABLE_MODULES = YES;
				CLANG_ENABLE_OBJC_ARC = YES;
				CLANG_ENABLE_OBJC_WEAK = YES;
				CLANG_WARN_BLOCK_CAPTURE_AUTORELEASING = YES;
				CLANG_WARN_BOOL_CONVERSION = YES;
				CLANG_WARN_COMMA = YES;
				CLANG_WARN_CONSTANT_CONVERSION = YES;
				CLANG_WARN_DEPRECATED_OBJC_IMPLEMENTATIONS = YES;
				CLANG_WARN_DIRECT_OBJC_ISA_USAGE = YES_ERROR;
				CLANG_WARN_DOCUMENTATION_COMMENTS = YES;
				CLANG_WARN_EMPTY_BODY = YES;
				CLANG_WARN_ENUM_CONVERSION = YES;
				CLANG_WARN_INFINITE_RECURSION = YES;
				CLANG_WARN_INT_CONVERSION = YES;
				CLANG_WARN_NON_LITERAL_NULL_CONVERSION = YES;
				CLANG_WARN_OBJC_IMPLICIT_RETAIN_SELF = YES;
				CLANG_WARN_OBJC_LITERAL_CONVERSION = YES;
				CLANG_WARN_OBJC_ROOT_CLASS = YES_ERROR;
				CLANG_WARN_QUOTED_INCLUDE_IN_FRAMEWORK_HEADER = YES;
				CLANG_WARN_RANGE_LOOP_ANALYSIS = YES;
				CLANG_WARN_STRICT_PROTOTYPES = YES;
				CLANG_WARN_SUSPICIOUS_MOVE = YES;
				CLANG_WARN_UNGUARDED_AVAILABILITY = YES_AGGRESSIVE;
				CLANG_WARN_UNREACHABLE_CODE = YES;
				CLANG_WARN__DUPLICATE_METHOD_MATCH = YES;
				COPY_PHASE_STRIP = NO;
				DEBUG_INFORMATION_FORMAT = "dwarf-with-dsym";
				ENABLE_NS_ASSERTIONS = NO;
				ENABLE_STRICT_OBJC_MSGSEND = YES;
				ENABLE_USER_SCRIPT_SANDBOXING = YES;
				GCC_C_LANGUAGE_STANDARD = gnu17;
				GCC_NO_COMMON_BLOCKS = YES;
				GCC_WARN_64_TO_32_BIT_CONVERSION = YES;
				GCC_WARN_ABOUT_RETURN_TYPE = YES_ERROR;
				GCC_WARN_UNDECLARED_SELECTOR = YES;
				GCC_WARN_UNINITIALIZED_AUTOS = YES_AGGRESSIVE;
				GCC_WARN_UNUSED_FUNCTION = YES;
				GCC_WARN_UNUSED_VARIABLE = YES;
				IPHONEOS_DEPLOYMENT_TARGET = 16.0;
				LOCALIZATION_PREFERS_STRING_CATALOGS = YES;
				MTL_ENABLE_DEBUG_INFO = NO;
				MTL_FAST_MATH = YES;
				SDKROOT = iphoneos;
				SWIFT_COMPILATION_MODE = wholemodule;
				VALIDATE_PRODUCT = YES;
			};
			name = Release;
		};
		543B87D42C3E80160092AC5A /* Debug */ = {
			isa = XCBuildConfiguration;
			buildSettings = {
				ASSETCATALOG_COMPILER_APPICON_NAME = AppIcon;
				ASSETCATALOG_COMPILER_GLOBAL_ACCENT_COLOR_NAME = AccentColor;
				CODE_SIGN_STYLE = Automatic;
				CURRENT_PROJECT_VERSION = 1;
				DEVELOPMENT_TEAM = 82M3Y9RKT2;
				GENERATE_INFOPLIST_FILE = YES;
				INFOPLIST_FILE = WeatherAt/Info.plist;
				INFOPLIST_KEY_UIApplicationSupportsIndirectInputEvents = YES;
				INFOPLIST_KEY_UILaunchStoryboardName = LaunchScreen;
				INFOPLIST_KEY_UISupportedInterfaceOrientations = UIInterfaceOrientationPortrait;
				INFOPLIST_KEY_UISupportedInterfaceOrientations_iPad = UIInterfaceOrientationPortrait;
				IPHONEOS_DEPLOYMENT_TARGET = 16.0;
				LD_RUNPATH_SEARCH_PATHS = (
					"$(inherited)",
					"@executable_path/Frameworks",
				);
				MARKETING_VERSION = 1.0;
				PRODUCT_BUNDLE_IDENTIFIER = com.lcho3878.WeatherAt;
				PRODUCT_NAME = "$(TARGET_NAME)";
				SUPPORTED_PLATFORMS = "iphoneos iphonesimulator";
				SUPPORTS_MACCATALYST = NO;
				SUPPORTS_MAC_DESIGNED_FOR_IPHONE_IPAD = NO;
				SUPPORTS_XR_DESIGNED_FOR_IPHONE_IPAD = NO;
				SWIFT_EMIT_LOC_STRINGS = YES;
				SWIFT_VERSION = 5.0;
				TARGETED_DEVICE_FAMILY = 1;
			};
			name = Debug;
		};
		543B87D52C3E80160092AC5A /* Release */ = {
			isa = XCBuildConfiguration;
			buildSettings = {
				ASSETCATALOG_COMPILER_APPICON_NAME = AppIcon;
				ASSETCATALOG_COMPILER_GLOBAL_ACCENT_COLOR_NAME = AccentColor;
				CODE_SIGN_STYLE = Automatic;
				CURRENT_PROJECT_VERSION = 1;
				DEVELOPMENT_TEAM = 82M3Y9RKT2;
				GENERATE_INFOPLIST_FILE = YES;
				INFOPLIST_FILE = WeatherAt/Info.plist;
				INFOPLIST_KEY_UIApplicationSupportsIndirectInputEvents = YES;
				INFOPLIST_KEY_UILaunchStoryboardName = LaunchScreen;
				INFOPLIST_KEY_UISupportedInterfaceOrientations = UIInterfaceOrientationPortrait;
				INFOPLIST_KEY_UISupportedInterfaceOrientations_iPad = UIInterfaceOrientationPortrait;
				IPHONEOS_DEPLOYMENT_TARGET = 16.0;
				LD_RUNPATH_SEARCH_PATHS = (
					"$(inherited)",
					"@executable_path/Frameworks",
				);
				MARKETING_VERSION = 1.0;
				PRODUCT_BUNDLE_IDENTIFIER = com.lcho3878.WeatherAt;
				PRODUCT_NAME = "$(TARGET_NAME)";
				SUPPORTED_PLATFORMS = "iphoneos iphonesimulator";
				SUPPORTS_MACCATALYST = NO;
				SUPPORTS_MAC_DESIGNED_FOR_IPHONE_IPAD = NO;
				SUPPORTS_XR_DESIGNED_FOR_IPHONE_IPAD = NO;
				SWIFT_EMIT_LOC_STRINGS = YES;
				SWIFT_VERSION = 5.0;
				TARGETED_DEVICE_FAMILY = 1;
			};
			name = Release;
		};
/* End XCBuildConfiguration section */

/* Begin XCConfigurationList section */
		543B87BA2C3E80150092AC5A /* Build configuration list for PBXProject "WeatherAt" */ = {
			isa = XCConfigurationList;
			buildConfigurations = (
				543B87D12C3E80160092AC5A /* Debug */,
				543B87D22C3E80160092AC5A /* Release */,
			);
			defaultConfigurationIsVisible = 0;
			defaultConfigurationName = Release;
		};
		543B87D32C3E80160092AC5A /* Build configuration list for PBXNativeTarget "WeatherAt" */ = {
			isa = XCConfigurationList;
			buildConfigurations = (
				543B87D42C3E80160092AC5A /* Debug */,
				543B87D52C3E80160092AC5A /* Release */,
			);
			defaultConfigurationIsVisible = 0;
			defaultConfigurationName = Release;
		};
/* End XCConfigurationList section */

/* Begin XCRemoteSwiftPackageReference section */
		543B87E62C3ED1920092AC5A /* XCRemoteSwiftPackageReference "SnapKit" */ = {
			isa = XCRemoteSwiftPackageReference;
			repositoryURL = "https://github.com/SnapKit/SnapKit";
			requirement = {
				kind = upToNextMajorVersion;
				minimumVersion = 5.7.1;
			};
		};
		543B87E92C3ED19B0092AC5A /* XCRemoteSwiftPackageReference "Alamofire" */ = {
			isa = XCRemoteSwiftPackageReference;
			repositoryURL = "https://github.com/Alamofire/Alamofire.git";
			requirement = {
				kind = upToNextMajorVersion;
				minimumVersion = 5.9.1;
			};
		};
/* End XCRemoteSwiftPackageReference section */

/* Begin XCSwiftPackageProductDependency section */
		543B87E72C3ED1920092AC5A /* SnapKit */ = {
			isa = XCSwiftPackageProductDependency;
			package = 543B87E62C3ED1920092AC5A /* XCRemoteSwiftPackageReference "SnapKit" */;
			productName = SnapKit;
		};
		543B87EA2C3ED19B0092AC5A /* Alamofire */ = {
			isa = XCSwiftPackageProductDependency;
			package = 543B87E92C3ED19B0092AC5A /* XCRemoteSwiftPackageReference "Alamofire" */;
			productName = Alamofire;
		};
/* End XCSwiftPackageProductDependency section */
	};
	rootObject = 543B87B72C3E80150092AC5A /* Project object */;
}
